{
  "name": "fb-web-pixel",
  "version": "1.0.0",
  "lockfileVersion": 3,
  "requires": true,
  "packages": {
    "": {
      "name": "fb-web-pixel",
      "version": "1.0.0",
      "dependencies": {
        "@shopify/web-pixels-extension": "^2.0.0"
      }
    },
    "node_modules/@shopify/web-pixels-extension": {
      "version": "2.18.0",
      "resolved": "https://registry.npmjs.org/@shopify/web-pixels-extension/-/web-pixels-extension-2.18.0.tgz",
      "integrity": "sha512-qHp93QKdxJ8UREzkYOje6343An2wvXLUF71uduahiTjBfYXQ7VqIAXoHCwzCnP3Kss1AXLpz7XPaKCRC0ONOTw==",
      "license": "MIT"
    }
  }
}
